
Microsoft Visual Studio Solution File, Format Version 11.00
# Visual Studio 2010
Project("{FAE04EC0-301F-11D3-BF4B-00C04F79EFBC}") = "DAL", "DAL.csproj", "{71AFC616-BC50-49B5-929F-CF6BD42DF028}"
EndProject
Global
	GlobalSection(SolutionConfigurationPlatforms) = preSolution
		Debug|Any CPU = Debug|Any CPU
		Release|Any CPU = Release|Any CPU
	EndGlobalSection
	GlobalSection(ProjectConfigurationPlatforms) = postSolution
		{71AFC616-BC50-49B5-929F-CF6BD42DF028}.Debug|Any CPU.ActiveCfg = Debug|Any CPU
		{71AFC616-BC50-49B5-929F-CF6BD42DF028}.Debug|Any CPU.Build.0 = Debug|Any CPU
		{71AFC616-BC50-49B5-929F-CF6BD42DF028}.Release|Any CPU.ActiveCfg = Release|Any CPU
		{71AFC616-BC50-49B5-929F-CF6BD42DF028}.Release|Any CPU.Build.0 = Release|Any CPU
	EndGlobalSection
	GlobalSection(SolutionProperties) = preSolution
		HideSolutionNode = FALSE
	EndGlobalSection
EndGlobal
